{
  "version": "v1",
  "packages": {
    "@metamask/user-operation-controller": {
      "signature": "27e3870b8e7174c94bfb29664eadc38e",
      "file": true
    },
    "simple-smart-account": {
      "signature": "dc1c650294cc7fc327da43cae44310c8",
      "file": true
    },
    "@metamask/transaction-controller": {
      "signature": "b1374e8565b7cee6003e6c794d96f391",
      "file": true,
      "replaced": "patch:@metamask/transaction-controller@npm%3A18.3.0#~/.yarn/patches/@metamask-transaction-controller-npm-18.3.0-134200017c.patch"
    },
    "@account-abstraction/bundler": {
      "signature": "bdc66878ab02d1570a7dcf720d31549a",
      "file": true
    },
    "@account-abstraction/validation-manager": {
      "signature": "fc20f4e41c745a3ec9b98acf958689d9",
      "file": true
    },
    "simple-smart-contract-account": {
      "signature": "5efb718d01484251c05dbbc8e380d3ea",
      "file": true
    },
    "@account-abstraction/utils": {
      "signature": "a990e66250cc48344c6b76bb94ea13b7",
      "file": true,
      "replaced": "0.6.0"
    }
  }
}