{
  "version": "v1",
  "packages": {
    "test-bundler": {
      "signature": "0e53f747a967c68bd2ff5d4593d36352",
      "file": true
    },
    "simple-smart-contract-account": {
      "signature": "b51c46fd599b44ed6c45afc9220660b0",
      "file": true
    },
    "@metamask/test-bundler": {
      "signature": "4bc170d73e0d3ec2b2278e19980d193f",
      "file": true
    },
    "@metamask/user-operation-controller": {
      "signature": "d111275c4e8d72c7598021ceac164031",
      "file": true,
      "replaced": "^1.0.0"
    },
    "@metamask/keyring-controller": {
      "signature": "ef0d719287096af8ccc8c113bd565f2b",
      "file": true,
      "replaced": "patch:@metamask/keyring-controller@npm%3A9.0.0#~/.yarn/patches/@metamask-keyring-controller-npm-9.0.0-f57ed3ebea.patch"
    }
  }
}