# THIS IS AN AUTOGENERATED FILE. DO NOT EDIT THIS FILE DIRECTLY.
# yarn lockfile v1


"@isaacs/cliui@^8.0.2":
  version "8.0.2"
  dependencies:
    string-width "^5.1.2"
    string-width-cjs "npm:string-width@^4.2.0"
    strip-ansi "^7.0.1"
    strip-ansi-cjs "npm:strip-ansi@^6.0.1"
    wrap-ansi "^8.1.0"
    wrap-ansi-cjs "npm:wrap-ansi@^7.0.0"

"@lavamoat/aa@^4.2.0":
  version "4.2.0"
  dependencies:
    resolve "1.22.8"

"@lavamoat/allow-scripts@^3.0.4":
  version "3.0.4"
  dependencies:
    "@lavamoat/aa" "^4.2.0"
    "@npmcli/run-script" "7.0.4"
    bin-links "4.0.3"
    npm-normalize-package-bin "3.0.1"
    yargs "17.7.2"

"@lavamoat/preinstall-always-fail@^2.0.0":
  version "2.0.0"

"@metamask/license-checker@^26.0.1":
  version "26.0.1"
  dependencies:
    "@metamask/spdx-satisfies" "^6.0.0"
    chalk "^2.4.1"
    debug "^4.3.4"
    mkdirp "^3.0.1"
    nopt "^6.0.0"
    read-installed "~4.0.3"
    semver "^7.5.0"
    spdx-correct "^3.2.0"
    spdx-expression-parse "^3.0.1"
    treeify "^1.1.0"

"@metamask/oss-attribution-generator@^2.0.2":
  version "2.0.2"
  dependencies:
    "@metamask/license-checker" "^26.0.1"
    fs-jetpack "^5.1.0"
    taim "^1.1.0"
    yargs "^7.1.2"

"@metamask/spdx-compare@^2.0.0":
  version "2.0.0"
  dependencies:
    spdx-expression-parse "^3.0.0"
    spdx-ranges "^2.0.0"

"@metamask/spdx-satisfies@^6.0.0":
  version "6.0.0"
  dependencies:
    "@metamask/spdx-compare" "^2.0.0"
    spdx-expression-parse "^3.0.0"
    spdx-ranges "^2.0.0"

"@npmcli/agent@^2.0.0":
  version "2.2.2"
  dependencies:
    agent-base "^7.1.0"
    http-proxy-agent "^7.0.0"
    https-proxy-agent "^7.0.1"
    lru-cache "^10.0.1"
    socks-proxy-agent "^8.0.3"

"@npmcli/fs@^3.1.0":
  version "3.1.1"
  dependencies:
    semver "^7.3.5"

"@npmcli/git@^5.0.0":
  version "5.0.7"
  dependencies:
    "@npmcli/promise-spawn" "^7.0.0"
    lru-cache "^10.0.1"
    npm-pick-manifest "^9.0.0"
    proc-log "^4.0.0"
    promise-inflight "^1.0.1"
    promise-retry "^2.0.1"
    semver "^7.3.5"
    which "^4.0.0"

"@npmcli/node-gyp@^3.0.0":
  version "3.0.0"

"@npmcli/package-json@^5.0.0":
  version "5.2.0"
  dependencies:
    "@npmcli/git" "^5.0.0"
    glob "^10.2.2"
    hosted-git-info "^7.0.0"
    json-parse-even-better-errors "^3.0.0"
    normalize-package-data "^6.0.0"
    proc-log "^4.0.0"
    semver "^7.5.3"

"@npmcli/promise-spawn@^7.0.0":
  version "7.0.2"
  dependencies:
    which "^4.0.0"

"@npmcli/run-script@7.0.4":
  version "7.0.4"
  dependencies:
    "@npmcli/node-gyp" "^3.0.0"
    "@npmcli/package-json" "^5.0.0"
    "@npmcli/promise-spawn" "^7.0.0"
    node-gyp "^10.0.0"
    which "^4.0.0"

"@pkgjs/parseargs@^0.11.0":
  version "0.11.0"

abbrev@^1.0.0:
  version "1.1.1"
  resolved "https://registry.npmjs.org/abbrev/-/abbrev-1.1.1.tgz"
  integrity sha512-nne9/IiQ/hzIhY6pdDnbBtz7DjPTKrY00P/zvPSm5pOFkl6xuGrGnXn/VtTNNfNtAfZ9/1RtehkszU9qcTii0Q==

abbrev@^2.0.0:
  version "2.0.0"

agent-base@^7.0.2, agent-base@^7.1.0, agent-base@^7.1.1:
  version "7.1.1"
  dependencies:
    debug "^4.3.4"

aggregate-error@^3.0.0:
  version "3.1.0"
  dependencies:
    clean-stack "^2.0.0"
    indent-string "^4.0.0"

ansi-regex@^2.0.0:
  version "2.1.1"

ansi-regex@^5.0.1:
  version "5.0.1"

ansi-regex@^6.0.1:
  version "6.0.1"

ansi-styles@^2.2.1:
  version "2.2.1"

ansi-styles@^3.2.1:
  version "3.2.1"
  dependencies:
    color-convert "^1.9.0"

ansi-styles@^4.0.0:
  version "4.3.0"
  dependencies:
    color-convert "^2.0.1"

ansi-styles@^6.1.0:
  version "6.2.1"

asap@^2.0.0:
  version "2.0.6"

balanced-match@^1.0.0:
  version "1.0.2"

bin-links@4.0.3:
  version "4.0.3"
  dependencies:
    cmd-shim "^6.0.0"
    npm-normalize-package-bin "^3.0.0"
    read-cmd-shim "^4.0.0"
    write-file-atomic "^5.0.0"

brace-expansion@^1.1.7:
  version "1.1.11"
  dependencies:
    balanced-match "^1.0.0"
    concat-map "0.0.1"

brace-expansion@^2.0.1:
  version "2.0.1"
  dependencies:
    balanced-match "^1.0.0"

cacache@^18.0.0:
  version "18.0.3"
  dependencies:
    "@npmcli/fs" "^3.1.0"
    fs-minipass "^3.0.0"
    glob "^10.2.2"
    lru-cache "^10.0.1"
    minipass "^7.0.3"
    minipass-collect "^2.0.1"
    minipass-flush "^1.0.5"
    minipass-pipeline "^1.2.4"
    p-map "^4.0.0"
    ssri "^10.0.0"
    tar "^6.1.11"
    unique-filename "^3.0.0"

call-bind@^1.0.5:
  version "1.0.7"
  dependencies:
    es-define-property "^1.0.0"
    es-errors "^1.3.0"
    function-bind "^1.1.2"
    get-intrinsic "^1.2.4"
    set-function-length "^1.2.1"

camelcase@^3.0.0:
  version "3.0.0"

chalk@^1.1.1:
  version "1.1.3"
  dependencies:
    ansi-styles "^2.2.1"
    escape-string-regexp "^1.0.2"
    has-ansi "^2.0.0"
    strip-ansi "^3.0.0"
    supports-color "^2.0.0"

chalk@^2.4.1:
  version "2.4.2"
  dependencies:
    ansi-styles "^3.2.1"
    escape-string-regexp "^1.0.5"
    supports-color "^5.3.0"

chownr@^2.0.0:
  version "2.0.0"

clean-stack@^2.0.0:
  version "2.2.0"

cliui@^3.2.0:
  version "3.2.0"
  dependencies:
    string-width "^1.0.1"
    strip-ansi "^3.0.1"
    wrap-ansi "^2.0.0"

cliui@^8.0.1:
  version "8.0.1"
  dependencies:
    string-width "^4.2.0"
    strip-ansi "^6.0.1"
    wrap-ansi "^7.0.0"

cmd-shim@^6.0.0:
  version "6.0.3"

code-point-at@^1.0.0:
  version "1.1.0"

color-convert@^1.9.0:
  version "1.9.3"
  dependencies:
    color-name "1.1.3"

color-convert@^2.0.1:
  version "2.0.1"
  dependencies:
    color-name "~1.1.4"

color-name@~1.1.4:
  version "1.1.4"

color-name@1.1.3:
  version "1.1.3"

concat-map@0.0.1:
  version "0.0.1"

cross-spawn@^7.0.0:
  version "7.0.3"
  dependencies:
    path-key "^3.1.0"
    shebang-command "^2.0.0"
    which "^2.0.1"

debug@^4.3.4, debug@4:
  version "4.3.5"
  dependencies:
    ms "2.1.2"

debuglog@^1.0.1:
  version "1.0.1"

decamelize@^1.1.1:
  version "1.2.0"

define-data-property@^1.0.1, define-data-property@^1.1.4:
  version "1.1.4"
  dependencies:
    es-define-property "^1.0.0"
    es-errors "^1.3.0"
    gopd "^1.0.1"

define-properties@^1.2.1:
  version "1.2.1"
  dependencies:
    define-data-property "^1.0.1"
    has-property-descriptors "^1.0.0"
    object-keys "^1.1.1"

dezalgo@^1.0.0:
  version "1.0.4"
  dependencies:
    asap "^2.0.0"
    wrappy "1"

eastasianwidth@^0.2.0:
  version "0.2.0"

emoji-regex@^8.0.0:
  version "8.0.0"

emoji-regex@^9.2.2:
  version "9.2.2"

encoding@^0.1.13:
  version "0.1.13"
  dependencies:
    iconv-lite "^0.6.2"

env-paths@^2.2.0:
  version "2.2.1"

err-code@^2.0.2:
  version "2.0.3"

error-ex@^1.2.0:
  version "1.3.2"
  dependencies:
    is-arrayish "^0.2.1"

es-define-property@^1.0.0:
  version "1.0.0"
  dependencies:
    get-intrinsic "^1.2.4"

es-errors@^1.3.0:
  version "1.3.0"

escalade@^3.1.1:
  version "3.1.2"

escape-string-regexp@^1.0.2, escape-string-regexp@^1.0.5:
  version "1.0.5"

exponential-backoff@^3.1.1:
  version "3.1.1"

find-up@^1.0.0:
  version "1.1.2"
  dependencies:
    path-exists "^2.0.0"
    pinkie-promise "^2.0.0"

foreground-child@^3.1.0:
  version "3.1.1"
  dependencies:
    cross-spawn "^7.0.0"
    signal-exit "^4.0.1"

fs-jetpack@^5.1.0:
  version "5.1.0"
  dependencies:
    minimatch "^5.1.0"

fs-minipass@^2.0.0:
  version "2.1.0"
  dependencies:
    minipass "^3.0.0"

fs-minipass@^3.0.0:
  version "3.0.3"
  dependencies:
    minipass "^7.0.3"

fs.realpath@^1.0.0:
  version "1.0.0"

function-bind@^1.1.2:
  version "1.1.2"

get-caller-file@^1.0.1:
  version "1.0.3"

get-caller-file@^2.0.5:
  version "2.0.5"

get-intrinsic@^1.1.3, get-intrinsic@^1.2.4:
  version "1.2.4"
  dependencies:
    es-errors "^1.3.0"
    function-bind "^1.1.2"
    has-proto "^1.0.1"
    has-symbols "^1.0.3"
    hasown "^2.0.0"

glob@^10.2.2, glob@^10.3.10:
  version "10.4.1"
  dependencies:
    foreground-child "^3.1.0"
    jackspeak "^3.1.2"
    minimatch "^9.0.4"
    minipass "^7.1.2"
    path-scurry "^1.11.1"

glob@^7.1.1:
  version "7.2.3"
  dependencies:
    fs.realpath "^1.0.0"
    inflight "^1.0.4"
    inherits "2"
    minimatch "^3.1.1"
    once "^1.3.0"
    path-is-absolute "^1.0.0"

gopd@^1.0.1:
  version "1.0.1"
  dependencies:
    get-intrinsic "^1.1.3"

graceful-fs@^4.1.2, graceful-fs@^4.2.6:
  version "4.2.11"

has-ansi@^2.0.0:
  version "2.0.0"
  dependencies:
    ansi-regex "^2.0.0"

has-flag@^3.0.0:
  version "3.0.0"

has-property-descriptors@^1.0.0, has-property-descriptors@^1.0.2:
  version "1.0.2"
  dependencies:
    es-define-property "^1.0.0"

has-proto@^1.0.1:
  version "1.0.3"

has-symbols@^1.0.3:
  version "1.0.3"

hasown@^2.0.0:
  version "2.0.2"
  dependencies:
    function-bind "^1.1.2"

hosted-git-info@^2.1.4:
  version "2.8.9"

hosted-git-info@^7.0.0:
  version "7.0.2"
  dependencies:
    lru-cache "^10.0.1"

http-cache-semantics@^4.1.1:
  version "4.1.1"

http-proxy-agent@^7.0.0:
  version "7.0.2"
  dependencies:
    agent-base "^7.1.0"
    debug "^4.3.4"

https-proxy-agent@^7.0.1:
  version "7.0.4"
  dependencies:
    agent-base "^7.0.2"
    debug "4"

iconv-lite@^0.6.2:
  version "0.6.3"
  dependencies:
    safer-buffer ">= 2.1.2 < 3.0.0"

imurmurhash@^0.1.4:
  version "0.1.4"

indent-string@^4.0.0:
  version "4.0.0"

inflight@^1.0.4:
  version "1.0.6"
  dependencies:
    once "^1.3.0"
    wrappy "1"

inherits@2:
  version "2.0.4"

invert-kv@^1.0.0:
  version "1.0.0"

ip-address@^9.0.5:
  version "9.0.5"
  dependencies:
    jsbn "1.1.0"
    sprintf-js "^1.1.3"

is-arrayish@^0.2.1:
  version "0.2.1"

is-core-module@^2.13.0, is-core-module@^2.8.1:
  version "2.13.1"
  dependencies:
    hasown "^2.0.0"

is-fullwidth-code-point@^1.0.0:
  version "1.0.0"
  dependencies:
    number-is-nan "^1.0.0"

is-fullwidth-code-point@^3.0.0:
  version "3.0.0"

is-lambda@^1.0.1:
  version "1.0.1"

is-utf8@^0.2.0:
  version "0.2.1"

isexe@^2.0.0:
  version "2.0.0"

isexe@^3.1.1:
  version "3.1.1"

jackspeak@^3.1.2:
  version "3.2.3"
  dependencies:
    "@isaacs/cliui" "^8.0.2"
  optionalDependencies:
    "@pkgjs/parseargs" "^0.11.0"

jsbn@1.1.0:
  version "1.1.0"

json-parse-even-better-errors@^2.3.0:
  version "2.3.1"

json-parse-even-better-errors@^3.0.0:
  version "3.0.2"

lcid@^1.0.0:
  version "1.0.0"
  dependencies:
    invert-kv "^1.0.0"

load-json-file@^1.0.0:
  version "1.1.0"
  dependencies:
    graceful-fs "^4.1.2"
    parse-json "^2.2.0"
    pify "^2.0.0"
    pinkie-promise "^2.0.0"
    strip-bom "^2.0.0"

lru-cache@^10.0.1, lru-cache@^10.2.0:
  version "10.2.2"

make-fetch-happen@^13.0.0:
  version "13.0.1"
  dependencies:
    "@npmcli/agent" "^2.0.0"
    cacache "^18.0.0"
    http-cache-semantics "^4.1.1"
    is-lambda "^1.0.1"
    minipass "^7.0.2"
    minipass-fetch "^3.0.0"
    minipass-flush "^1.0.5"
    minipass-pipeline "^1.2.4"
    negotiator "^0.6.3"
    proc-log "^4.2.0"
    promise-retry "^2.0.1"
    ssri "^10.0.0"

minimatch@^3.1.1:
  version "3.1.2"
  dependencies:
    brace-expansion "^1.1.7"

minimatch@^5.1.0:
  version "5.1.6"
  dependencies:
    brace-expansion "^2.0.1"

minimatch@^9.0.4:
  version "9.0.4"
  dependencies:
    brace-expansion "^2.0.1"

minipass-collect@^2.0.1:
  version "2.0.1"
  dependencies:
    minipass "^7.0.3"

minipass-fetch@^3.0.0:
  version "3.0.5"
  dependencies:
    minipass "^7.0.3"
    minipass-sized "^1.0.3"
    minizlib "^2.1.2"
  optionalDependencies:
    encoding "^0.1.13"

minipass-flush@^1.0.5:
  version "1.0.5"
  dependencies:
    minipass "^3.0.0"

minipass-pipeline@^1.2.4:
  version "1.2.4"
  dependencies:
    minipass "^3.0.0"

minipass-sized@^1.0.3:
  version "1.0.3"
  dependencies:
    minipass "^3.0.0"

minipass@^3.0.0:
  version "3.3.6"
  dependencies:
    yallist "^4.0.0"

"minipass@^5.0.0 || ^6.0.2 || ^7.0.0", minipass@^7.0.2, minipass@^7.0.3, minipass@^7.1.2:
  version "7.1.2"

minipass@^5.0.0:
  version "5.0.0"

minizlib@^2.1.1, minizlib@^2.1.2:
  version "2.1.2"
  dependencies:
    minipass "^3.0.0"
    yallist "^4.0.0"

mkdirp@^1.0.3:
  version "1.0.4"

mkdirp@^3.0.1:
  version "3.0.1"

ms@2.1.2:
  version "2.1.2"

negotiator@^0.6.3:
  version "0.6.3"

node-gyp@^10.0.0:
  version "10.1.0"
  dependencies:
    env-paths "^2.2.0"
    exponential-backoff "^3.1.1"
    glob "^10.3.10"
    graceful-fs "^4.2.6"
    make-fetch-happen "^13.0.0"
    nopt "^7.0.0"
    proc-log "^3.0.0"
    semver "^7.3.5"
    tar "^6.1.2"
    which "^4.0.0"

nopt@^6.0.0:
  version "6.0.0"
  resolved "https://registry.npmjs.org/nopt/-/nopt-6.0.0.tgz"
  integrity sha512-ZwLpbTgdhuZUnZzjd7nb1ZV+4DoiC6/sfiVKok72ym/4Tlf+DFdlHYmT2JPmcNNWV6Pi3SDf1kT+A4r9RTuT9g==
  dependencies:
    abbrev "^1.0.0"

nopt@^7.0.0:
  version "7.2.1"
  dependencies:
    abbrev "^2.0.0"

normalize-package-data@^2.0.0, normalize-package-data@^2.3.2:
  version "2.5.0"
  dependencies:
    hosted-git-info "^2.1.4"
    resolve "^1.10.0"
    semver "2 || 3 || 4 || 5"
    validate-npm-package-license "^3.0.1"

normalize-package-data@^6.0.0:
  version "6.0.1"
  dependencies:
    hosted-git-info "^7.0.0"
    is-core-module "^2.8.1"
    semver "^7.3.5"
    validate-npm-package-license "^3.0.4"

npm-install-checks@^6.0.0:
  version "6.3.0"
  dependencies:
    semver "^7.1.1"

npm-normalize-package-bin@^1.0.0:
  version "1.0.1"

npm-normalize-package-bin@^3.0.0, npm-normalize-package-bin@3.0.1:
  version "3.0.1"

npm-package-arg@^11.0.0:
  version "11.0.2"
  dependencies:
    hosted-git-info "^7.0.0"
    proc-log "^4.0.0"
    semver "^7.3.5"
    validate-npm-package-name "^5.0.0"

npm-pick-manifest@^9.0.0:
  version "9.0.1"
  dependencies:
    npm-install-checks "^6.0.0"
    npm-normalize-package-bin "^3.0.0"
    npm-package-arg "^11.0.0"
    semver "^7.3.5"

number-is-nan@^1.0.0:
  version "1.0.1"

object-keys@^1.1.1:
  version "1.1.1"

object.assign@^4.1.0:
  version "4.1.5"
  dependencies:
    call-bind "^1.0.5"
    define-properties "^1.2.1"
    has-symbols "^1.0.3"
    object-keys "^1.1.1"

once@^1.3.0:
  version "1.4.0"
  dependencies:
    wrappy "1"

os-locale@^1.4.0:
  version "1.4.0"
  dependencies:
    lcid "^1.0.0"

p-map@^4.0.0:
  version "4.0.0"
  dependencies:
    aggregate-error "^3.0.0"

parse-json@^2.2.0:
  version "2.2.0"
  dependencies:
    error-ex "^1.2.0"

path-exists@^2.0.0:
  version "2.1.0"
  dependencies:
    pinkie-promise "^2.0.0"

path-is-absolute@^1.0.0:
  version "1.0.1"

path-key@^3.1.0:
  version "3.1.1"

path-parse@^1.0.7:
  version "1.0.7"

path-scurry@^1.11.1:
  version "1.11.1"
  dependencies:
    lru-cache "^10.2.0"
    minipass "^5.0.0 || ^6.0.2 || ^7.0.0"

path-type@^1.0.0:
  version "1.1.0"
  dependencies:
    graceful-fs "^4.1.2"
    pify "^2.0.0"
    pinkie-promise "^2.0.0"

pify@^2.0.0:
  version "2.3.0"

pinkie-promise@^2.0.0:
  version "2.0.1"
  dependencies:
    pinkie "^2.0.0"

pinkie@^2.0.0:
  version "2.0.4"

pretty-hrtime@^1.0.0:
  version "1.0.3"

proc-log@^3.0.0:
  version "3.0.0"

proc-log@^4.0.0, proc-log@^4.2.0:
  version "4.2.0"

promise-inflight@^1.0.1:
  version "1.0.1"

promise-retry@^2.0.1:
  version "2.0.1"
  dependencies:
    err-code "^2.0.2"
    retry "^0.12.0"

ramda@0.18.x:
  version "0.18.0"

read-cmd-shim@^4.0.0:
  version "4.0.0"

read-installed@~4.0.3:
  version "4.0.3"
  dependencies:
    debuglog "^1.0.1"
    read-package-json "^2.0.0"
    readdir-scoped-modules "^1.0.0"
    semver "2 || 3 || 4 || 5"
    slide "~1.1.3"
    util-extend "^1.0.1"
  optionalDependencies:
    graceful-fs "^4.1.2"

read-package-json@^2.0.0:
  version "2.1.2"
  dependencies:
    glob "^7.1.1"
    json-parse-even-better-errors "^2.3.0"
    normalize-package-data "^2.0.0"
    npm-normalize-package-bin "^1.0.0"

read-pkg-up@^1.0.1:
  version "1.0.1"
  dependencies:
    find-up "^1.0.0"
    read-pkg "^1.0.0"

read-pkg@^1.0.0:
  version "1.1.0"
  dependencies:
    load-json-file "^1.0.0"
    normalize-package-data "^2.3.2"
    path-type "^1.0.0"

readdir-scoped-modules@^1.0.0:
  version "1.1.0"
  dependencies:
    debuglog "^1.0.1"
    dezalgo "^1.0.0"
    graceful-fs "^4.1.2"
    once "^1.3.0"

require-directory@^2.1.1:
  version "2.1.1"

require-main-filename@^1.0.1:
  version "1.0.1"

resolve@^1.10.0, resolve@1.22.8:
  version "1.22.8"
  dependencies:
    is-core-module "^2.13.0"
    path-parse "^1.0.7"
    supports-preserve-symlinks-flag "^1.0.0"

retry@^0.12.0:
  version "0.12.0"

"safer-buffer@>= 2.1.2 < 3.0.0":
  version "2.1.2"

semver@^7.1.1, semver@^7.3.5, semver@^7.5.0, semver@^7.5.3:
  version "7.6.2"

"semver@2 || 3 || 4 || 5":
  version "5.7.2"

set-blocking@^2.0.0:
  version "2.0.0"

set-function-length@^1.2.1:
  version "1.2.2"
  dependencies:
    define-data-property "^1.1.4"
    es-errors "^1.3.0"
    function-bind "^1.1.2"
    get-intrinsic "^1.2.4"
    gopd "^1.0.1"
    has-property-descriptors "^1.0.2"

shebang-command@^2.0.0:
  version "2.0.0"
  dependencies:
    shebang-regex "^3.0.0"

shebang-regex@^3.0.0:
  version "3.0.0"

signal-exit@^4.0.1:
  version "4.1.0"

slide@~1.1.3:
  version "1.1.6"

smart-buffer@^4.2.0:
  version "4.2.0"

socks-proxy-agent@^8.0.3:
  version "8.0.3"
  dependencies:
    agent-base "^7.1.1"
    debug "^4.3.4"
    socks "^2.7.1"

socks@^2.7.1:
  version "2.8.3"
  dependencies:
    ip-address "^9.0.5"
    smart-buffer "^4.2.0"

spdx-correct@^3.0.0, spdx-correct@^3.2.0:
  version "3.2.0"
  dependencies:
    spdx-expression-parse "^3.0.0"
    spdx-license-ids "^3.0.0"

spdx-exceptions@^2.1.0:
  version "2.5.0"

spdx-expression-parse@^3.0.0, spdx-expression-parse@^3.0.1:
  version "3.0.1"
  dependencies:
    spdx-exceptions "^2.1.0"
    spdx-license-ids "^3.0.0"

spdx-license-ids@^3.0.0:
  version "3.0.18"

spdx-ranges@^2.0.0:
  version "2.1.1"

sprintf-js@^1.1.3:
  version "1.1.3"

ssri@^10.0.0:
  version "10.0.6"
  dependencies:
    minipass "^7.0.3"

"string-width-cjs@npm:string-width@^4.2.0":
  version "4.2.3"
  dependencies:
    emoji-regex "^8.0.0"
    is-fullwidth-code-point "^3.0.0"
    strip-ansi "^6.0.1"

string-width@^1.0.1, string-width@^1.0.2:
  version "1.0.2"
  dependencies:
    code-point-at "^1.0.0"
    is-fullwidth-code-point "^1.0.0"
    strip-ansi "^3.0.0"

string-width@^4.1.0, string-width@^4.2.0, string-width@^4.2.3:
  version "4.2.3"
  dependencies:
    emoji-regex "^8.0.0"
    is-fullwidth-code-point "^3.0.0"
    strip-ansi "^6.0.1"

string-width@^5.0.1, string-width@^5.1.2:
  version "5.1.2"
  dependencies:
    eastasianwidth "^0.2.0"
    emoji-regex "^9.2.2"
    strip-ansi "^7.0.1"

"strip-ansi-cjs@npm:strip-ansi@^6.0.1":
  version "6.0.1"
  dependencies:
    ansi-regex "^5.0.1"

strip-ansi@^3.0.0, strip-ansi@^3.0.1:
  version "3.0.1"
  dependencies:
    ansi-regex "^2.0.0"

strip-ansi@^6.0.0:
  version "6.0.1"
  dependencies:
    ansi-regex "^5.0.1"

strip-ansi@^6.0.1:
  version "6.0.1"
  dependencies:
    ansi-regex "^5.0.1"

strip-ansi@^7.0.1:
  version "7.1.0"
  dependencies:
    ansi-regex "^6.0.1"

strip-bom@^2.0.0:
  version "2.0.0"
  dependencies:
    is-utf8 "^0.2.0"

supports-color@^2.0.0:
  version "2.0.0"

supports-color@^5.3.0:
  version "5.5.0"
  dependencies:
    has-flag "^3.0.0"

supports-preserve-symlinks-flag@^1.0.0:
  version "1.0.0"

taim@^1.1.0:
  version "1.1.0"
  dependencies:
    chalk "^1.1.1"
    pretty-hrtime "^1.0.0"
    ramda "0.18.x"

tar@^6.1.11, tar@^6.1.2:
  version "6.2.1"
  dependencies:
    chownr "^2.0.0"
    fs-minipass "^2.0.0"
    minipass "^5.0.0"
    minizlib "^2.1.1"
    mkdirp "^1.0.3"
    yallist "^4.0.0"

treeify@^1.1.0:
  version "1.1.0"

unique-filename@^3.0.0:
  version "3.0.0"
  dependencies:
    unique-slug "^4.0.0"

unique-slug@^4.0.0:
  version "4.0.0"
  dependencies:
    imurmurhash "^0.1.4"

util-extend@^1.0.1:
  version "1.0.3"

validate-npm-package-license@^3.0.1, validate-npm-package-license@^3.0.4:
  version "3.0.4"
  dependencies:
    spdx-correct "^3.0.0"
    spdx-expression-parse "^3.0.0"

validate-npm-package-name@^5.0.0:
  version "5.0.1"

which-module@^1.0.0:
  version "1.0.0"

which@^2.0.1:
  version "2.0.2"
  dependencies:
    isexe "^2.0.0"

which@^4.0.0:
  version "4.0.0"
  dependencies:
    isexe "^3.1.1"

"wrap-ansi-cjs@npm:wrap-ansi@^7.0.0":
  version "7.0.0"
  dependencies:
    ansi-styles "^4.0.0"
    string-width "^4.1.0"
    strip-ansi "^6.0.0"

wrap-ansi@^2.0.0:
  version "2.1.0"
  dependencies:
    string-width "^1.0.1"
    strip-ansi "^3.0.1"

wrap-ansi@^7.0.0:
  version "7.0.0"
  dependencies:
    ansi-styles "^4.0.0"
    string-width "^4.1.0"
    strip-ansi "^6.0.0"

wrap-ansi@^8.1.0:
  version "8.1.0"
  dependencies:
    ansi-styles "^6.1.0"
    string-width "^5.0.1"
    strip-ansi "^7.0.1"

wrappy@1:
  version "1.0.2"

write-file-atomic@^5.0.0:
  version "5.0.1"
  dependencies:
    imurmurhash "^0.1.4"
    signal-exit "^4.0.1"

y18n@^3.2.1:
  version "3.2.2"

y18n@^5.0.5:
  version "5.0.8"

yallist@^4.0.0:
  version "4.0.0"

yargs-parser@^21.1.1:
  version "21.1.1"

yargs-parser@^5.0.1:
  version "5.0.1"
  dependencies:
    camelcase "^3.0.0"
    object.assign "^4.1.0"

yargs@^7.1.2:
  version "7.1.2"
  dependencies:
    camelcase "^3.0.0"
    cliui "^3.2.0"
    decamelize "^1.1.1"
    get-caller-file "^1.0.1"
    os-locale "^1.4.0"
    read-pkg-up "^1.0.1"
    require-directory "^2.1.1"
    require-main-filename "^1.0.1"
    set-blocking "^2.0.0"
    string-width "^1.0.2"
    which-module "^1.0.0"
    y18n "^3.2.1"
    yargs-parser "^5.0.1"

yargs@17.7.2:
  version "17.7.2"
  dependencies:
    cliui "^8.0.1"
    escalade "^3.1.1"
    get-caller-file "^2.0.5"
    require-directory "^2.1.1"
    string-width "^4.2.3"
    y18n "^5.0.5"
    yargs-parser "^21.1.1"
